
Microsoft Visual Studio Solution File, Format Version 12.00
# Visual Studio Version 16
VisualStudioVersion = 16.0.31605.320
MinimumVisualStudioVersion = 10.0.40219.1
Project("{FAE04EC0-301F-11D3-BF4B-00C04F79EFBC}") = "ComPortOkuyucu", "ComPortOkuyucu\ComPortOkuyucu.csproj", "{91A39202-6341-46AA-9E35-C6B8E92B5F5F}"
EndProject
Global
	GlobalSection(SolutionConfigurationPlatforms) = preSolution
		Debug|Any CPU = Debug|Any CPU
		Release|Any CPU = Release|Any CPU
	EndGlobalSection
	GlobalSection(ProjectConfigurationPlatforms) = postSolution
		{91A39202-6341-46AA-9E35-C6B8E92B5F5F}.Debug|Any CPU.ActiveCfg = Debug|Any CPU
		{91A39202-6341-46AA-9E35-C6B8E92B5F5F}.Debug|Any CPU.Build.0 = Debug|Any CPU
		{91A39202-6341-46AA-9E35-C6B8E92B5F5F}.Release|Any CPU.ActiveCfg = Release|Any CPU
		{91A39202-6341-46AA-9E35-C6B8E92B5F5F}.Release|Any CPU.Build.0 = Release|Any CPU
	EndGlobalSection
	GlobalSection(SolutionProperties) = preSolution
		HideSolutionNode = FALSE
	EndGlobalSection
	GlobalSection(ExtensibilityGlobals) = postSolution
		SolutionGuid = {4CC1496C-DC8E-45E3-AC1E-2AB3D04C52F8}
	EndGlobalSection
EndGlobal
